
Microsoft Visual Studio Solution File, Format Version 12.00
# Visual Studio Version 17
VisualStudioVersion = 17.2.32616.157
MinimumVisualStudioVersion = 10.0.40219.1
Project("{FAE04EC0-301F-11D3-BF4B-00C04F79EFBC}") = "Evolve", "Evolve\Evolve.csproj", "{548571F4-DE91-47C8-BE4B-4A7575CD4353}"
EndProject
Project("{FAE04EC0-301F-11D3-BF4B-00C04F79EFBC}") = "DAL", "DAL\DAL.csproj", "{AC4A1742-D687-41DA-A89B-CD2225AB4F92}"
EndProject
Project("{FAE04EC0-301F-11D3-BF4B-00C04F79EFBC}") = "DML", "DML\DML.csproj", "{20F82A88-02EA-4AB2-BB18-C96A3A20C383}"
EndProject
Global
	GlobalSection(SolutionConfigurationPlatforms) = preSolution
		Debug|Any CPU = Debug|Any CPU
		Release|Any CPU = Release|Any CPU
	EndGlobalSection
	GlobalSection(ProjectConfigurationPlatforms) = postSolution
		{548571F4-DE91-47C8-BE4B-4A7575CD4353}.Debug|Any CPU.ActiveCfg = Debug|Any CPU
		{548571F4-DE91-47C8-BE4B-4A7575CD4353}.Debug|Any CPU.Build.0 = Debug|Any CPU
		{548571F4-DE91-47C8-BE4B-4A7575CD4353}.Release|Any CPU.ActiveCfg = Release|Any CPU
		{548571F4-DE91-47C8-BE4B-4A7575CD4353}.Release|Any CPU.Build.0 = Release|Any CPU
		{AC4A1742-D687-41DA-A89B-CD2225AB4F92}.Debug|Any CPU.ActiveCfg = Debug|Any CPU
		{AC4A1742-D687-41DA-A89B-CD2225AB4F92}.Debug|Any CPU.Build.0 = Debug|Any CPU
		{AC4A1742-D687-41DA-A89B-CD2225AB4F92}.Release|Any CPU.ActiveCfg = Release|Any CPU
		{AC4A1742-D687-41DA-A89B-CD2225AB4F92}.Release|Any CPU.Build.0 = Release|Any CPU
		{20F82A88-02EA-4AB2-BB18-C96A3A20C383}.Debug|Any CPU.ActiveCfg = Debug|Any CPU
		{20F82A88-02EA-4AB2-BB18-C96A3A20C383}.Debug|Any CPU.Build.0 = Debug|Any CPU
		{20F82A88-02EA-4AB2-BB18-C96A3A20C383}.Release|Any CPU.ActiveCfg = Release|Any CPU
		{20F82A88-02EA-4AB2-BB18-C96A3A20C383}.Release|Any CPU.Build.0 = Release|Any CPU
	EndGlobalSection
	GlobalSection(SolutionProperties) = preSolution
		HideSolutionNode = FALSE
	EndGlobalSection
	GlobalSection(ExtensibilityGlobals) = postSolution
		SolutionGuid = {675287D1-3464-4A1C-A9FF-11F106931E4D}
	EndGlobalSection
EndGlobal
